
Microsoft Visual Studio Solution File, Format Version 11.00
# Visual Studio 2010
Project("{8BC9CEB8-8B4A-11D0-8D11-00A0C91BC942}") = "210101070_HMM3", "210101070_HMM3\210101070_HMM3.vcxproj", "{009A4F16-0562-4C5A-81BB-9FE036269D4C}"
EndProject
Global
	GlobalSection(SolutionConfigurationPlatforms) = preSolution
		Debug|Win32 = Debug|Win32
		Release|Win32 = Release|Win32
	EndGlobalSection
	GlobalSection(ProjectConfigurationPlatforms) = postSolution
		{009A4F16-0562-4C5A-81BB-9FE036269D4C}.Debug|Win32.ActiveCfg = Debug|Win32
		{009A4F16-0562-4C5A-81BB-9FE036269D4C}.Debug|Win32.Build.0 = Debug|Win32
		{009A4F16-0562-4C5A-81BB-9FE036269D4C}.Release|Win32.ActiveCfg = Release|Win32
		{009A4F16-0562-4C5A-81BB-9FE036269D4C}.Release|Win32.Build.0 = Release|Win32
	EndGlobalSection
	GlobalSection(SolutionProperties) = preSolution
		HideSolutionNode = FALSE
	EndGlobalSection
EndGlobal
